
Microsoft Visual Studio Solution File, Format Version 12.00
# Visual Studio Version 17
VisualStudioVersion = 17.0.31903.59
MinimumVisualStudioVersion = 10.0.40219.1
Project("{FAE04EC0-301F-11D3-BF4B-00C04F79EFBC}") = "Goldbach", "Goldbach\Goldbach.csproj", "{A615C908-1923-410B-A062-4963ED989397}"
EndProject
Project("{FAE04EC0-301F-11D3-BF4B-00C04F79EFBC}") = "Linq", "Linq\Linq.csproj", "{EBE1E739-F13B-4536-A9F5-4382F0B4C38B}"
EndProject
Global
	GlobalSection(SolutionConfigurationPlatforms) = preSolution
		Debug|Any CPU = Debug|Any CPU
		Release|Any CPU = Release|Any CPU
	EndGlobalSection
	GlobalSection(SolutionProperties) = preSolution
		HideSolutionNode = FALSE
	EndGlobalSection
	GlobalSection(ProjectConfigurationPlatforms) = postSolution
		{A615C908-1923-410B-A062-4963ED989397}.Debug|Any CPU.ActiveCfg = Debug|Any CPU
		{A615C908-1923-410B-A062-4963ED989397}.Debug|Any CPU.Build.0 = Debug|Any CPU
		{A615C908-1923-410B-A062-4963ED989397}.Release|Any CPU.ActiveCfg = Release|Any CPU
		{A615C908-1923-410B-A062-4963ED989397}.Release|Any CPU.Build.0 = Release|Any CPU
		{EBE1E739-F13B-4536-A9F5-4382F0B4C38B}.Debug|Any CPU.ActiveCfg = Debug|Any CPU
		{EBE1E739-F13B-4536-A9F5-4382F0B4C38B}.Debug|Any CPU.Build.0 = Debug|Any CPU
		{EBE1E739-F13B-4536-A9F5-4382F0B4C38B}.Release|Any CPU.ActiveCfg = Release|Any CPU
		{EBE1E739-F13B-4536-A9F5-4382F0B4C38B}.Release|Any CPU.Build.0 = Release|Any CPU
	EndGlobalSection
EndGlobal
