
Microsoft Visual Studio Solution File, Format Version 12.00
# Visual Studio Version 17
VisualStudioVersion = 17.8.34408.163
MinimumVisualStudioVersion = 10.0.40219.1
Project("{FAE04EC0-301F-11D3-BF4B-00C04F79EFBC}") = "Calculator", "Calculator.csproj", "{A13A818E-4DE4-44B6-A2B1-2D11F1CCEEC1}"
EndProject
Global
	GlobalSection(SolutionConfigurationPlatforms) = preSolution
		Debug|Any CPU = Debug|Any CPU
		Release|Any CPU = Release|Any CPU
	EndGlobalSection
	GlobalSection(ProjectConfigurationPlatforms) = postSolution
		{A13A818E-4DE4-44B6-A2B1-2D11F1CCEEC1}.Debug|Any CPU.ActiveCfg = Debug|Any CPU
		{A13A818E-4DE4-44B6-A2B1-2D11F1CCEEC1}.Debug|Any CPU.Build.0 = Debug|Any CPU
		{A13A818E-4DE4-44B6-A2B1-2D11F1CCEEC1}.Release|Any CPU.ActiveCfg = Release|Any CPU
		{A13A818E-4DE4-44B6-A2B1-2D11F1CCEEC1}.Release|Any CPU.Build.0 = Release|Any CPU
	EndGlobalSection
	GlobalSection(SolutionProperties) = preSolution
		HideSolutionNode = FALSE
	EndGlobalSection
	GlobalSection(ExtensibilityGlobals) = postSolution
		SolutionGuid = {94D9B111-E9FE-4060-81CD-9B3C1BFD4EE0}
	EndGlobalSection
EndGlobal
